
Microsoft Visual Studio Solution File, Format Version 12.00
# Visual Studio Version 16
VisualStudioVersion = 16.0.36631.11
MinimumVisualStudioVersion = 10.0.40219.1
Project("{FAE04EC0-301F-11D3-BF4B-00C04F79EFBC}") = "qlkt", "qlkt\qlkt.csproj", "{9CDA0E1F-0512-4E34-B743-0F2B2B3F43B1}"
EndProject
Global
	GlobalSection(SolutionConfigurationPlatforms) = preSolution
		Debug|Any CPU = Debug|Any CPU
		Release|Any CPU = Release|Any CPU
	EndGlobalSection
	GlobalSection(ProjectConfigurationPlatforms) = postSolution
		{9CDA0E1F-0512-4E34-B743-0F2B2B3F43B1}.Debug|Any CPU.ActiveCfg = Debug|Any CPU
		{9CDA0E1F-0512-4E34-B743-0F2B2B3F43B1}.Debug|Any CPU.Build.0 = Debug|Any CPU
		{9CDA0E1F-0512-4E34-B743-0F2B2B3F43B1}.Release|Any CPU.ActiveCfg = Release|Any CPU
		{9CDA0E1F-0512-4E34-B743-0F2B2B3F43B1}.Release|Any CPU.Build.0 = Release|Any CPU
	EndGlobalSection
	GlobalSection(SolutionProperties) = preSolution
		HideSolutionNode = FALSE
	EndGlobalSection
	GlobalSection(ExtensibilityGlobals) = postSolution
		SolutionGuid = {265EC1A0-752B-4D9B-A214-DE8E777BA6D9}
	EndGlobalSection
EndGlobal
